// !$*UTF8*$!
{
	archiveVersion = 1;
	classes = {
	};
	objectVersion = 46;
	objects = {

/* Begin PBXBuildFile section */
		E6D8B8CD19C75292001AD043 /* main.m in Sources */ = {isa = PBXBuildFile; fileRef = E6D8B8CC19C75292001AD043 /* main.m */; };
		E6D8B8D019C75292001AD043 /* AppDelegate.m in Sources */ = {isa = PBXBuildFile; fileRef = E6D8B8CF19C75292001AD043 /* AppDelegate.m */; };
		E6D8B8D219C75292001AD043 /* Images.xcassets in Resources */ = {isa = PBXBuildFile; fileRef = E6D8B8D119C75292001AD043 /* Images.xcassets */; };
		E6D8B8D519C75292001AD043 /* MainMenu.xib in Resources */ = {isa = PBXBuildFile; fileRef = E6D8B8D319C75292001AD043 /* MainMenu.xib */; };
		E6D8B91F19C75857001AD043 /* ArmchairMac.framework in Frameworks */ = {isa = PBXBuildFile; fileRef = E6D8B91E19C75857001AD043 /* ArmchairMac.framework */; };
/* End PBXBuildFile section */

/* Begin PBXFileReference section */
		E6D8B8C719C75292001AD043 /* Mac Example.app */ = {isa = PBXFileReference; explicitFileType = wrapper.application; includeInIndex = 0; path = "Mac Example.app"; sourceTree = BUILT_PRODUCTS_DIR; };
		E6D8B8CB19C75292001AD043 /* Info-Mac.plist */ = {isa = PBXFileReference; lastKnownFileType = text.plist; name = "Info-Mac.plist"; path = "Example/Info-Mac.plist"; sourceTree = "<group>"; };
		E6D8B8CC19C75292001AD043 /* main.m */ = {isa = PBXFileReference; lastKnownFileType = sourcecode.c.objc; name = main.m; path = Example/main.m; sourceTree = "<group>"; };
		E6D8B8CE19C75292001AD043 /* AppDelegate.h */ = {isa = PBXFileReference; lastKnownFileType = sourcecode.c.h; name = AppDelegate.h; path = Example/AppDelegate.h; sourceTree = "<group>"; };
		E6D8B8CF19C75292001AD043 /* AppDelegate.m */ = {isa = PBXFileReference; lastKnownFileType = sourcecode.c.objc; name = AppDelegate.m; path = Example/AppDelegate.m; sourceTree = "<group>"; };
		E6D8B8D119C75292001AD043 /* Images.xcassets */ = {isa = PBXFileReference; lastKnownFileType = folder.assetcatalog; name = Images.xcassets; path = Example/Images.xcassets; sourceTree = "<group>"; };
		E6D8B8D419C75292001AD043 /* Base */ = {isa = PBXFileReference; lastKnownFileType = file.xib; name = Base; path = Base.lproj/MainMenu.xib; sourceTree = "<group>"; };
		E6D8B8ED19C75565001AD043 /* Armchair.framework */ = {isa = PBXFileReference; lastKnownFileType = wrapper.framework; name = Armchair.framework; path = "../../../../Library/Developer/Xcode/DerivedData/Armchair-evfkxrlmesanplcgvhiqbnaxdagl/Build/Products/Debug-iphoneos/Armchair.framework"; sourceTree = "<group>"; };
		E6D8B91E19C75857001AD043 /* ArmchairMac.framework */ = {isa = PBXFileReference; lastKnownFileType = wrapper.framework; name = ArmchairMac.framework; path = build/Debug/ArmchairMac.framework; sourceTree = "<group>"; };
/* End PBXFileReference section */

/* Begin PBXFrameworksBuildPhase section */
		E6D8B8C419C75292001AD043 /* Frameworks */ = {
			isa = PBXFrameworksBuildPhase;
			buildActionMask = 2147483647;
			files = (
				E6D8B91F19C75857001AD043 /* ArmchairMac.framework in Frameworks */,
			);
			runOnlyForDeploymentPostprocessing = 0;
		};
/* End PBXFrameworksBuildPhase section */

/* Begin PBXGroup section */
		E6D8B8BE19C75292001AD043 = {
			isa = PBXGroup;
			children = (
				E6D8B91E19C75857001AD043 /* ArmchairMac.framework */,
				E6D8B8ED19C75565001AD043 /* Armchair.framework */,
				E6D8B8C919C75292001AD043 /* Source */,
				E6D8B8C819C75292001AD043 /* Products */,
			);
			sourceTree = "<group>";
		};
		E6D8B8C819C75292001AD043 /* Products */ = {
			isa = PBXGroup;
			children = (
				E6D8B8C719C75292001AD043 /* Mac Example.app */,
			);
			name = Products;
			sourceTree = "<group>";
		};
		E6D8B8C919C75292001AD043 /* Source */ = {
			isa = PBXGroup;
			children = (
				E6D8B8CE19C75292001AD043 /* AppDelegate.h */,
				E6D8B8CF19C75292001AD043 /* AppDelegate.m */,
				E6D8B8D119C75292001AD043 /* Images.xcassets */,
				E6D8B8D319C75292001AD043 /* MainMenu.xib */,
				E6D8B8CA19C75292001AD043 /* Supporting Files */,
			);
			name = Source;
			path = "Mac Example";
			sourceTree = "<group>";
		};
		E6D8B8CA19C75292001AD043 /* Supporting Files */ = {
			isa = PBXGroup;
			children = (
				E6D8B8CB19C75292001AD043 /* Info-Mac.plist */,
				E6D8B8CC19C75292001AD043 /* main.m */,
			);
			name = "Supporting Files";
			sourceTree = "<group>";
		};
/* End PBXGroup section */

/* Begin PBXNativeTarget section */
		E6D8B8C619C75292001AD043 /* Mac Example */ = {
			isa = PBXNativeTarget;
			buildConfigurationList = E6D8B8E419C75292001AD043 /* Build configuration list for PBXNativeTarget "Mac Example" */;
			buildPhases = (
				E6D8B8C319C75292001AD043 /* Sources */,
				E6D8B8C419C75292001AD043 /* Frameworks */,
				E6D8B8C519C75292001AD043 /* Resources */,
			);
			buildRules = (
			);
			dependencies = (
			);
			name = "Mac Example";
			productName = "Mac Example";
			productReference = E6D8B8C719C75292001AD043 /* Mac Example.app */;
			productType = "com.apple.product-type.application";
		};
/* End PBXNativeTarget section */

/* Begin PBXProject section */
		E6D8B8BF19C75292001AD043 /* Project object */ = {
			isa = PBXProject;
			attributes = {
				LastUpgradeCheck = 0600;
				ORGANIZATIONNAME = Armchair;
				TargetAttributes = {
					E6D8B8C619C75292001AD043 = {
						CreatedOnToolsVersion = 6.0;
					};
				};
			};
			buildConfigurationList = E6D8B8C219C75292001AD043 /* Build configuration list for PBXProject "Mac Example" */;
			compatibilityVersion = "Xcode 3.2";
			developmentRegion = English;
			hasScannedForEncodings = 0;
			knownRegions = (
				en,
				Base,
			);
			mainGroup = E6D8B8BE19C75292001AD043;
			productRefGroup = E6D8B8C819C75292001AD043 /* Products */;
			projectDirPath = "";
			projectRoot = "";
			targets = (
				E6D8B8C619C75292001AD043 /* Mac Example */,
			);
		};
/* End PBXProject section */

/* Begin PBXResourcesBuildPhase section */
		E6D8B8C519C75292001AD043 /* Resources */ = {
			isa = PBXResourcesBuildPhase;
			buildActionMask = 2147483647;
			files = (
				E6D8B8D219C75292001AD043 /* Images.xcassets in Resources */,
				E6D8B8D519C75292001AD043 /* MainMenu.xib in Resources */,
			);
			runOnlyForDeploymentPostprocessing = 0;
		};
/* End PBXResourcesBuildPhase section */

/* Begin PBXSourcesBuildPhase section */
		E6D8B8C319C75292001AD043 /* Sources */ = {
			isa = PBXSourcesBuildPhase;
			buildActionMask = 2147483647;
			files = (
				E6D8B8D019C75292001AD043 /* AppDelegate.m in Sources */,
				E6D8B8CD19C75292001AD043 /* main.m in Sources */,
			);
			runOnlyForDeploymentPostprocessing = 0;
		};
/* End PBXSourcesBuildPhase section */

/* Begin PBXVariantGroup section */
		E6D8B8D319C75292001AD043 /* MainMenu.xib */ = {
			isa = PBXVariantGroup;
			children = (
				E6D8B8D419C75292001AD043 /* Base */,
			);
			name = MainMenu.xib;
			path = Example;
			sourceTree = "<group>";
		};
/* End PBXVariantGroup section */

/* Begin XCBuildConfiguration section */
		E6D8B8E219C75292001AD043 /* Debug */ = {
			isa = XCBuildConfiguration;
			buildSettings = {
				ALWAYS_SEARCH_USER_PATHS = NO;
				CLANG_CXX_LANGUAGE_STANDARD = "gnu++0x";
				CLANG_CXX_LIBRARY = "libc++";
				CLANG_ENABLE_MODULES = YES;
				CLANG_ENABLE_OBJC_ARC = YES;
				CLANG_WARN_BOOL_CONVERSION = YES;
				CLANG_WARN_CONSTANT_CONVERSION = YES;
				CLANG_WARN_DIRECT_OBJC_ISA_USAGE = YES_ERROR;
				CLANG_WARN_EMPTY_BODY = YES;
				CLANG_WARN_ENUM_CONVERSION = YES;
				CLANG_WARN_INT_CONVERSION = YES;
				CLANG_WARN_OBJC_ROOT_CLASS = YES_ERROR;
				CLANG_WARN_UNREACHABLE_CODE = YES;
				CLANG_WARN__DUPLICATE_METHOD_MATCH = YES;
				CODE_SIGN_IDENTITY = "-";
				COPY_PHASE_STRIP = NO;
				ENABLE_STRICT_OBJC_MSGSEND = YES;
				GCC_C_LANGUAGE_STANDARD = gnu99;
				GCC_DYNAMIC_NO_PIC = NO;
				GCC_OPTIMIZATION_LEVEL = 0;
				GCC_PREPROCESSOR_DEFINITIONS = (
					"DEBUG=1",
					"$(inherited)",
				);
				GCC_SYMBOLS_PRIVATE_EXTERN = NO;
				GCC_WARN_64_TO_32_BIT_CONVERSION = YES;
				GCC_WARN_ABOUT_RETURN_TYPE = YES_ERROR;
				GCC_WARN_UNDECLARED_SELECTOR = YES;
				GCC_WARN_UNINITIALIZED_AUTOS = YES_AGGRESSIVE;
				GCC_WARN_UNUSED_FUNCTION = YES;
				GCC_WARN_UNUSED_VARIABLE = YES;
				MACOSX_DEPLOYMENT_TARGET = 10.9;
				MTL_ENABLE_DEBUG_INFO = YES;
				ONLY_ACTIVE_ARCH = YES;
				SDKROOT = macosx;
			};
			name = Debug;
		};
		E6D8B8E319C75292001AD043 /* Release */ = {
			isa = XCBuildConfiguration;
			buildSettings = {
				ALWAYS_SEARCH_USER_PATHS = NO;
				CLANG_CXX_LANGUAGE_STANDARD = "gnu++0x";
				CLANG_CXX_LIBRARY = "libc++";
				CLANG_ENABLE_MODULES = YES;
				CLANG_ENABLE_OBJC_ARC = YES;
				CLANG_WARN_BOOL_CONVERSION = YES;
				CLANG_WARN_CONSTANT_CONVERSION = YES;
				CLANG_WARN_DIRECT_OBJC_ISA_USAGE = YES_ERROR;
				CLANG_WARN_EMPTY_BODY = YES;
				CLANG_WARN_ENUM_CONVERSION = YES;
				CLANG_WARN_INT_CONVERSION = YES;
				CLANG_WARN_OBJC_ROOT_CLASS = YES_ERROR;
				CLANG_WARN_UNREACHABLE_CODE = YES;
				CLANG_WARN__DUPLICATE_METHOD_MATCH = YES;
				CODE_SIGN_IDENTITY = "-";
				COPY_PHASE_STRIP = YES;
				DEBUG_INFORMATION_FORMAT = "dwarf-with-dsym";
				ENABLE_NS_ASSERTIONS = NO;
				ENABLE_STRICT_OBJC_MSGSEND = YES;
				GCC_C_LANGUAGE_STANDARD = gnu99;
				GCC_WARN_64_TO_32_BIT_CONVERSION = YES;
				GCC_WARN_ABOUT_RETURN_TYPE = YES_ERROR;
				GCC_WARN_UNDECLARED_SELECTOR = YES;
				GCC_WARN_UNINITIALIZED_AUTOS = YES_AGGRESSIVE;
				GCC_WARN_UNUSED_FUNCTION = YES;
				GCC_WARN_UNUSED_VARIABLE = YES;
				MACOSX_DEPLOYMENT_TARGET = 10.9;
				MTL_ENABLE_DEBUG_INFO = NO;
				SDKROOT = macosx;
			};
			name = Release;
		};
		E6D8B8E519C75292001AD043 /* Debug */ = {
			isa = XCBuildConfiguration;
			buildSettings = {
				ASSETCATALOG_COMPILER_APPICON_NAME = AppIcon;
				COMBINE_HIDPI_IMAGES = YES;
				FRAMEWORK_SEARCH_PATHS = (
					"$(inherited)",
					"$(PROJECT_DIR)/build/Debug",
				);
				INFOPLIST_FILE = "$(SRCROOT)/Example/Info-Mac.plist";
				LD_RUNPATH_SEARCH_PATHS = "$(inherited) @executable_path/../Frameworks";
				MACOSX_DEPLOYMENT_TARGET = 10.9;
				PRODUCT_NAME = "$(TARGET_NAME)";
			};
			name = Debug;
		};
		E6D8B8E619C75292001AD043 /* Release */ = {
			isa = XCBuildConfiguration;
			buildSettings = {
				ASSETCATALOG_COMPILER_APPICON_NAME = AppIcon;
				COMBINE_HIDPI_IMAGES = YES;
				FRAMEWORK_SEARCH_PATHS = (
					"$(inherited)",
					"$(PROJECT_DIR)/build/Debug",
				);
				INFOPLIST_FILE = "$(SRCROOT)/Example/Info-Mac.plist";
				LD_RUNPATH_SEARCH_PATHS = "$(inherited) @executable_path/../Frameworks";
				MACOSX_DEPLOYMENT_TARGET = 10.9;
				PRODUCT_NAME = "$(TARGET_NAME)";
			};
			name = Release;
		};
/* End XCBuildConfiguration section */

/* Begin XCConfigurationList section */
		E6D8B8C219C75292001AD043 /* Build configuration list for PBXProject "Mac Example" */ = {
			isa = XCConfigurationList;
			buildConfigurations = (
				E6D8B8E219C75292001AD043 /* Debug */,
				E6D8B8E319C75292001AD043 /* Release */,
			);
			defaultConfigurationIsVisible = 0;
			defaultConfigurationName = Release;
		};
		E6D8B8E419C75292001AD043 /* Build configuration list for PBXNativeTarget "Mac Example" */ = {
			isa = XCConfigurationList;
			buildConfigurations = (
				E6D8B8E519C75292001AD043 /* Debug */,
				E6D8B8E619C75292001AD043 /* Release */,
			);
			defaultConfigurationIsVisible = 0;
			defaultConfigurationName = Release;
		};
/* End XCConfigurationList section */
	};
	rootObject = E6D8B8BF19C75292001AD043 /* Project object */;
}
