// !$*UTF8*$!
{
	archiveVersion = 1;
	classes = {
	};
	objectVersion = 46;
	objects = {

/* Begin PBXBuildFile section */
		E60FA7C019C908FE00179D70 /* AppDelegate.swift in Sources */ = {isa = PBXBuildFile; fileRef = E60FA7BF19C908FE00179D70 /* AppDelegate.swift */; };
		E60FA7F119C90C7D00179D70 /* armchair.jpg in Resources */ = {isa = PBXBuildFile; fileRef = E60FA7E819C90C7D00179D70 /* armchair.jpg */; };
		E60FA7F419C90C7D00179D70 /* Icon.png in Resources */ = {isa = PBXBuildFile; fileRef = E60FA7EE19C90C7D00179D70 /* Icon.png */; };
		E60FA7F519C90C7D00179D70 /* Images.xcassets in Resources */ = {isa = PBXBuildFile; fileRef = E60FA7EF19C90C7D00179D70 /* Images.xcassets */; };
		E60FA80519C90D8F00179D70 /* Armchair.framework in Frameworks */ = {isa = PBXBuildFile; fileRef = E60FA80019C90D3500179D70 /* Armchair.framework */; };
		E60FA80A19C9123800179D70 /* ViewController.swift in Sources */ = {isa = PBXBuildFile; fileRef = E60FA80919C9123800179D70 /* ViewController.swift */; };
		E60FA81319C9172A00179D70 /* MainMenu.xib in Resources */ = {isa = PBXBuildFile; fileRef = E60FA81119C9172A00179D70 /* MainMenu.xib */; };
		E60FA81619C91FA300179D70 /* logo.png in Resources */ = {isa = PBXBuildFile; fileRef = E60FA81519C91FA300179D70 /* logo.png */; };
		E6F6159E19CA008E00C0B51C /* Armchair.bundle in Resources */ = {isa = PBXBuildFile; fileRef = E6F6159819CA003600C0B51C /* Armchair.bundle */; };
/* End PBXBuildFile section */

/* Begin PBXContainerItemProxy section */
		E60FA7FD19C90D3500179D70 /* PBXContainerItemProxy */ = {
			isa = PBXContainerItemProxy;
			containerPortal = E60FA7F719C90D3500179D70 /* Armchair.xcodeproj */;
			proxyType = 2;
			remoteGlobalIDString = E6D8B8B519C7274F001AD043;
			remoteInfo = Armchair;
		};
		E60FA7FF19C90D3500179D70 /* PBXContainerItemProxy */ = {
			isa = PBXContainerItemProxy;
			containerPortal = E60FA7F719C90D3500179D70 /* Armchair.xcodeproj */;
			proxyType = 2;
			remoteGlobalIDString = E6D8B8F919C756A4001AD043;
			remoteInfo = ArmchairMac;
		};
		E60FA80119C90D3500179D70 /* PBXContainerItemProxy */ = {
			isa = PBXContainerItemProxy;
			containerPortal = E60FA7F719C90D3500179D70 /* Armchair.xcodeproj */;
			proxyType = 2;
			remoteGlobalIDString = E6D8B92819C880A9001AD043;
			remoteInfo = ArmchairTests;
		};
		E60FA80319C90D7100179D70 /* PBXContainerItemProxy */ = {
			isa = PBXContainerItemProxy;
			containerPortal = E60FA7F719C90D3500179D70 /* Armchair.xcodeproj */;
			proxyType = 1;
			remoteGlobalIDString = E6D8B8EF19C756A4001AD043;
			remoteInfo = ArmchairMac;
		};
		E6F6156819C9FE8900C0B51C /* PBXContainerItemProxy */ = {
			isa = PBXContainerItemProxy;
			containerPortal = E60FA7F719C90D3500179D70 /* Armchair.xcodeproj */;
			proxyType = 2;
			remoteGlobalIDString = E6A0AF6519C9CFF400C3A7DC;
			remoteInfo = ArmchairLocalizable;
		};
		E6F6159719CA003600C0B51C /* PBXContainerItemProxy */ = {
			isa = PBXContainerItemProxy;
			containerPortal = E60FA7F719C90D3500179D70 /* Armchair.xcodeproj */;
			proxyType = 2;
			remoteGlobalIDString = E6F6159419C9FFDA00C0B51C;
			remoteInfo = ArmchairLocalizableMac;
		};
		E6F6159919CA003A00C0B51C /* PBXContainerItemProxy */ = {
			isa = PBXContainerItemProxy;
			containerPortal = E60FA7F719C90D3500179D70 /* Armchair.xcodeproj */;
			proxyType = 1;
			remoteGlobalIDString = E6F6156D19C9FFDA00C0B51C;
			remoteInfo = ArmchairLocalizableMac;
		};
/* End PBXContainerItemProxy section */

/* Begin PBXFileReference section */
		E60FA7BA19C908FE00179D70 /* Mac Example.app */ = {isa = PBXFileReference; explicitFileType = wrapper.application; includeInIndex = 0; path = "Mac Example.app"; sourceTree = BUILT_PRODUCTS_DIR; };
		E60FA7BF19C908FE00179D70 /* AppDelegate.swift */ = {isa = PBXFileReference; lastKnownFileType = sourcecode.swift; name = AppDelegate.swift; path = Example/AppDelegate.swift; sourceTree = "<group>"; };
		E60FA7E819C90C7D00179D70 /* armchair.jpg */ = {isa = PBXFileReference; lastKnownFileType = image.jpeg; name = armchair.jpg; path = Example/armchair.jpg; sourceTree = SOURCE_ROOT; };
		E60FA7EE19C90C7D00179D70 /* Icon.png */ = {isa = PBXFileReference; lastKnownFileType = image.png; name = Icon.png; path = Example/Icon.png; sourceTree = SOURCE_ROOT; };
		E60FA7EF19C90C7D00179D70 /* Images.xcassets */ = {isa = PBXFileReference; lastKnownFileType = folder.assetcatalog; name = Images.xcassets; path = Example/Images.xcassets; sourceTree = SOURCE_ROOT; };
		E60FA7F019C90C7D00179D70 /* Info-Mac.plist */ = {isa = PBXFileReference; fileEncoding = 4; lastKnownFileType = text.plist.xml; name = "Info-Mac.plist"; path = "Example/Info-Mac.plist"; sourceTree = SOURCE_ROOT; };
		E60FA7F719C90D3500179D70 /* Armchair.xcodeproj */ = {isa = PBXFileReference; lastKnownFileType = "wrapper.pb-project"; path = Armchair.xcodeproj; sourceTree = "<group>"; };
		E60FA80919C9123800179D70 /* ViewController.swift */ = {isa = PBXFileReference; fileEncoding = 4; lastKnownFileType = sourcecode.swift; name = ViewController.swift; path = Example/ViewController.swift; sourceTree = "<group>"; };
		E60FA81219C9172A00179D70 /* Base */ = {isa = PBXFileReference; lastKnownFileType = file.xib; name = Base; path = Example/Base.lproj/MainMenu.xib; sourceTree = SOURCE_ROOT; };
		E60FA81519C91FA300179D70 /* logo.png */ = {isa = PBXFileReference; lastKnownFileType = image.png; name = logo.png; path = Example/logo.png; sourceTree = SOURCE_ROOT; };
/* End PBXFileReference section */

/* Begin PBXFrameworksBuildPhase section */
		E60FA7B719C908FE00179D70 /* Frameworks */ = {
			isa = PBXFrameworksBuildPhase;
			buildActionMask = 2147483647;
			files = (
				E60FA80519C90D8F00179D70 /* Armchair.framework in Frameworks */,
			);
			runOnlyForDeploymentPostprocessing = 0;
		};
/* End PBXFrameworksBuildPhase section */

/* Begin PBXGroup section */
		E60FA7B119C908FE00179D70 = {
			isa = PBXGroup;
			children = (
				E60FA7E319C909D100179D70 /* Source */,
				E60FA7F719C90D3500179D70 /* Armchair.xcodeproj */,
				E60FA7BA19C908FE00179D70 /* Mac Example.app */,
			);
			sourceTree = "<group>";
		};
		E60FA7BC19C908FE00179D70 /* Supporting Files */ = {
			isa = PBXGroup;
			children = (
				E60FA81119C9172A00179D70 /* MainMenu.xib */,
				E60FA7E819C90C7D00179D70 /* armchair.jpg */,
				E60FA7EE19C90C7D00179D70 /* Icon.png */,
				E60FA81519C91FA300179D70 /* logo.png */,
				E60FA7EF19C90C7D00179D70 /* Images.xcassets */,
				E60FA7F019C90C7D00179D70 /* Info-Mac.plist */,
			);
			name = "Supporting Files";
			path = "Mac Example";
			sourceTree = "<group>";
		};
		E60FA7E319C909D100179D70 /* Source */ = {
			isa = PBXGroup;
			children = (
				E60FA7BF19C908FE00179D70 /* AppDelegate.swift */,
				E60FA80919C9123800179D70 /* ViewController.swift */,
				E60FA7BC19C908FE00179D70 /* Supporting Files */,
			);
			name = Source;
			sourceTree = "<group>";
		};
		E60FA7F819C90D3500179D70 /* Products */ = {
			isa = PBXGroup;
			children = (
				E60FA7FE19C90D3500179D70 /* Armchair.framework */,
				E60FA80019C90D3500179D70 /* Armchair.framework */,
				E6F6156919C9FE8900C0B51C /* Armchair.bundle */,
				E6F6159819CA003600C0B51C /* Armchair.bundle */,
				E60FA80219C90D3500179D70 /* ArmchairTests.xctest */,
			);
			name = Products;
			sourceTree = "<group>";
		};
/* End PBXGroup section */

/* Begin PBXNativeTarget section */
		E60FA7B919C908FE00179D70 /* Mac Example */ = {
			isa = PBXNativeTarget;
			buildConfigurationList = E60FA7D419C908FE00179D70 /* Build configuration list for PBXNativeTarget "Mac Example" */;
			buildPhases = (
				E60FA7B619C908FE00179D70 /* Sources */,
				E60FA7B719C908FE00179D70 /* Frameworks */,
				E60FA7B819C908FE00179D70 /* Resources */,
			);
			buildRules = (
			);
			dependencies = (
				E60FA80419C90D7100179D70 /* PBXTargetDependency */,
				E6F6159A19CA003A00C0B51C /* PBXTargetDependency */,
			);
			name = "Mac Example";
			productName = "Mac Example";
			productReference = E60FA7BA19C908FE00179D70 /* Mac Example.app */;
			productType = "com.apple.product-type.application";
		};
/* End PBXNativeTarget section */

/* Begin PBXProject section */
		E60FA7B219C908FE00179D70 /* Project object */ = {
			isa = PBXProject;
			attributes = {
				LastUpgradeCheck = 0610;
				ORGANIZATIONNAME = Armchair;
				TargetAttributes = {
					E60FA7B919C908FE00179D70 = {
						CreatedOnToolsVersion = 6.1;
					};
				};
			};
			buildConfigurationList = E60FA7B519C908FE00179D70 /* Build configuration list for PBXProject "Mac Example" */;
			compatibilityVersion = "Xcode 3.2";
			developmentRegion = English;
			hasScannedForEncodings = 0;
			knownRegions = (
				en,
				Base,
			);
			mainGroup = E60FA7B119C908FE00179D70;
			productRefGroup = E60FA7B119C908FE00179D70;
			projectDirPath = "";
			projectReferences = (
				{
					ProductGroup = E60FA7F819C90D3500179D70 /* Products */;
					ProjectRef = E60FA7F719C90D3500179D70 /* Armchair.xcodeproj */;
				},
			);
			projectRoot = "";
			targets = (
				E60FA7B919C908FE00179D70 /* Mac Example */,
			);
		};
/* End PBXProject section */

/* Begin PBXReferenceProxy section */
		E60FA7FE19C90D3500179D70 /* Armchair.framework */ = {
			isa = PBXReferenceProxy;
			fileType = wrapper.framework;
			path = Armchair.framework;
			remoteRef = E60FA7FD19C90D3500179D70 /* PBXContainerItemProxy */;
			sourceTree = BUILT_PRODUCTS_DIR;
		};
		E60FA80019C90D3500179D70 /* Armchair.framework */ = {
			isa = PBXReferenceProxy;
			fileType = wrapper.framework;
			path = Armchair.framework;
			remoteRef = E60FA7FF19C90D3500179D70 /* PBXContainerItemProxy */;
			sourceTree = BUILT_PRODUCTS_DIR;
		};
		E60FA80219C90D3500179D70 /* ArmchairTests.xctest */ = {
			isa = PBXReferenceProxy;
			fileType = wrapper.cfbundle;
			path = ArmchairTests.xctest;
			remoteRef = E60FA80119C90D3500179D70 /* PBXContainerItemProxy */;
			sourceTree = BUILT_PRODUCTS_DIR;
		};
		E6F6156919C9FE8900C0B51C /* Armchair.bundle */ = {
			isa = PBXReferenceProxy;
			fileType = wrapper.cfbundle;
			path = Armchair.bundle;
			remoteRef = E6F6156819C9FE8900C0B51C /* PBXContainerItemProxy */;
			sourceTree = BUILT_PRODUCTS_DIR;
		};
		E6F6159819CA003600C0B51C /* Armchair.bundle */ = {
			isa = PBXReferenceProxy;
			fileType = wrapper.cfbundle;
			path = Armchair.bundle;
			remoteRef = E6F6159719CA003600C0B51C /* PBXContainerItemProxy */;
			sourceTree = BUILT_PRODUCTS_DIR;
		};
/* End PBXReferenceProxy section */

/* Begin PBXResourcesBuildPhase section */
		E60FA7B819C908FE00179D70 /* Resources */ = {
			isa = PBXResourcesBuildPhase;
			buildActionMask = 2147483647;
			files = (
				E6F6159E19CA008E00C0B51C /* Armchair.bundle in Resources */,
				E60FA7F419C90C7D00179D70 /* Icon.png in Resources */,
				E60FA81619C91FA300179D70 /* logo.png in Resources */,
				E60FA81319C9172A00179D70 /* MainMenu.xib in Resources */,
				E60FA7F519C90C7D00179D70 /* Images.xcassets in Resources */,
				E60FA7F119C90C7D00179D70 /* armchair.jpg in Resources */,
			);
			runOnlyForDeploymentPostprocessing = 0;
		};
/* End PBXResourcesBuildPhase section */

/* Begin PBXSourcesBuildPhase section */
		E60FA7B619C908FE00179D70 /* Sources */ = {
			isa = PBXSourcesBuildPhase;
			buildActionMask = 2147483647;
			files = (
				E60FA80A19C9123800179D70 /* ViewController.swift in Sources */,
				E60FA7C019C908FE00179D70 /* AppDelegate.swift in Sources */,
			);
			runOnlyForDeploymentPostprocessing = 0;
		};
/* End PBXSourcesBuildPhase section */

/* Begin PBXTargetDependency section */
		E60FA80419C90D7100179D70 /* PBXTargetDependency */ = {
			isa = PBXTargetDependency;
			name = ArmchairMac;
			targetProxy = E60FA80319C90D7100179D70 /* PBXContainerItemProxy */;
		};
		E6F6159A19CA003A00C0B51C /* PBXTargetDependency */ = {
			isa = PBXTargetDependency;
			name = ArmchairLocalizableMac;
			targetProxy = E6F6159919CA003A00C0B51C /* PBXContainerItemProxy */;
		};
/* End PBXTargetDependency section */

/* Begin PBXVariantGroup section */
		E60FA81119C9172A00179D70 /* MainMenu.xib */ = {
			isa = PBXVariantGroup;
			children = (
				E60FA81219C9172A00179D70 /* Base */,
			);
			name = MainMenu.xib;
			sourceTree = "<group>";
		};
/* End PBXVariantGroup section */

/* Begin XCBuildConfiguration section */
		E60FA7D219C908FE00179D70 /* Debug */ = {
			isa = XCBuildConfiguration;
			buildSettings = {
				ALWAYS_SEARCH_USER_PATHS = NO;
				CLANG_CXX_LANGUAGE_STANDARD = "gnu++0x";
				CLANG_CXX_LIBRARY = "libc++";
				CLANG_ENABLE_MODULES = YES;
				CLANG_ENABLE_OBJC_ARC = YES;
				CLANG_WARN_BOOL_CONVERSION = YES;
				CLANG_WARN_CONSTANT_CONVERSION = YES;
				CLANG_WARN_DIRECT_OBJC_ISA_USAGE = YES_ERROR;
				CLANG_WARN_EMPTY_BODY = YES;
				CLANG_WARN_ENUM_CONVERSION = YES;
				CLANG_WARN_INT_CONVERSION = YES;
				CLANG_WARN_OBJC_ROOT_CLASS = YES_ERROR;
				CLANG_WARN_UNREACHABLE_CODE = YES;
				CLANG_WARN__DUPLICATE_METHOD_MATCH = YES;
				CODE_SIGN_IDENTITY = "-";
				COPY_PHASE_STRIP = NO;
				ENABLE_STRICT_OBJC_MSGSEND = YES;
				GCC_C_LANGUAGE_STANDARD = gnu99;
				GCC_DYNAMIC_NO_PIC = NO;
				GCC_OPTIMIZATION_LEVEL = 0;
				GCC_PREPROCESSOR_DEFINITIONS = (
					"DEBUG=1",
					"$(inherited)",
				);
				GCC_SYMBOLS_PRIVATE_EXTERN = NO;
				GCC_WARN_64_TO_32_BIT_CONVERSION = YES;
				GCC_WARN_ABOUT_RETURN_TYPE = YES_ERROR;
				GCC_WARN_UNDECLARED_SELECTOR = YES;
				GCC_WARN_UNINITIALIZED_AUTOS = YES_AGGRESSIVE;
				GCC_WARN_UNUSED_FUNCTION = YES;
				GCC_WARN_UNUSED_VARIABLE = YES;
				MACOSX_DEPLOYMENT_TARGET = 10.10;
				MTL_ENABLE_DEBUG_INFO = YES;
				ONLY_ACTIVE_ARCH = YES;
				SDKROOT = macosx;
				SWIFT_OPTIMIZATION_LEVEL = "-Onone";
			};
			name = Debug;
		};
		E60FA7D319C908FE00179D70 /* Release */ = {
			isa = XCBuildConfiguration;
			buildSettings = {
				ALWAYS_SEARCH_USER_PATHS = NO;
				CLANG_CXX_LANGUAGE_STANDARD = "gnu++0x";
				CLANG_CXX_LIBRARY = "libc++";
				CLANG_ENABLE_MODULES = YES;
				CLANG_ENABLE_OBJC_ARC = YES;
				CLANG_WARN_BOOL_CONVERSION = YES;
				CLANG_WARN_CONSTANT_CONVERSION = YES;
				CLANG_WARN_DIRECT_OBJC_ISA_USAGE = YES_ERROR;
				CLANG_WARN_EMPTY_BODY = YES;
				CLANG_WARN_ENUM_CONVERSION = YES;
				CLANG_WARN_INT_CONVERSION = YES;
				CLANG_WARN_OBJC_ROOT_CLASS = YES_ERROR;
				CLANG_WARN_UNREACHABLE_CODE = YES;
				CLANG_WARN__DUPLICATE_METHOD_MATCH = YES;
				CODE_SIGN_IDENTITY = "-";
				COPY_PHASE_STRIP = YES;
				DEBUG_INFORMATION_FORMAT = "dwarf-with-dsym";
				ENABLE_NS_ASSERTIONS = NO;
				ENABLE_STRICT_OBJC_MSGSEND = YES;
				GCC_C_LANGUAGE_STANDARD = gnu99;
				GCC_WARN_64_TO_32_BIT_CONVERSION = YES;
				GCC_WARN_ABOUT_RETURN_TYPE = YES_ERROR;
				GCC_WARN_UNDECLARED_SELECTOR = YES;
				GCC_WARN_UNINITIALIZED_AUTOS = YES_AGGRESSIVE;
				GCC_WARN_UNUSED_FUNCTION = YES;
				GCC_WARN_UNUSED_VARIABLE = YES;
				MACOSX_DEPLOYMENT_TARGET = 10.10;
				MTL_ENABLE_DEBUG_INFO = NO;
				SDKROOT = macosx;
			};
			name = Release;
		};
		E60FA7D519C908FE00179D70 /* Debug */ = {
			isa = XCBuildConfiguration;
			buildSettings = {
				ASSETCATALOG_COMPILER_APPICON_NAME = AppIcon;
				COMBINE_HIDPI_IMAGES = YES;
				INFOPLIST_FILE = "Example/Info-Mac.plist";
				LD_RUNPATH_SEARCH_PATHS = "$(inherited) @executable_path/../Frameworks";
				PRODUCT_NAME = "$(TARGET_NAME)";
			};
			name = Debug;
		};
		E60FA7D619C908FE00179D70 /* Release */ = {
			isa = XCBuildConfiguration;
			buildSettings = {
				ASSETCATALOG_COMPILER_APPICON_NAME = AppIcon;
				COMBINE_HIDPI_IMAGES = YES;
				INFOPLIST_FILE = "Example/Info-Mac.plist";
				LD_RUNPATH_SEARCH_PATHS = "$(inherited) @executable_path/../Frameworks";
				PRODUCT_NAME = "$(TARGET_NAME)";
			};
			name = Release;
		};
/* End XCBuildConfiguration section */

/* Begin XCConfigurationList section */
		E60FA7B519C908FE00179D70 /* Build configuration list for PBXProject "Mac Example" */ = {
			isa = XCConfigurationList;
			buildConfigurations = (
				E60FA7D219C908FE00179D70 /* Debug */,
				E60FA7D319C908FE00179D70 /* Release */,
			);
			defaultConfigurationIsVisible = 0;
			defaultConfigurationName = Release;
		};
		E60FA7D419C908FE00179D70 /* Build configuration list for PBXNativeTarget "Mac Example" */ = {
			isa = XCConfigurationList;
			buildConfigurations = (
				E60FA7D519C908FE00179D70 /* Debug */,
				E60FA7D619C908FE00179D70 /* Release */,
			);
			defaultConfigurationIsVisible = 0;
			defaultConfigurationName = Release;
		};
/* End XCConfigurationList section */
	};
	rootObject = E60FA7B219C908FE00179D70 /* Project object */;
}
